
Microsoft Visual Studio Solution File, Format Version 10.00
# Visual Studio 2008
Project("{FAE04EC0-301F-11D3-BF4B-00C04F79EFBC}") = "TicTacToe", "TicTacToe\TicTacToe.csproj", "{C824D887-844E-4406-8CDC-A1DE0462B91A}"
EndProject
Project("{FAE04EC0-301F-11D3-BF4B-00C04F79EFBC}") = "TicTacToeTest", "TicTacToeTest\TicTacToeTest.csproj", "{322E6DF6-4431-4B1B-9E9C-A631342A2DEB}"
EndProject
Global
	GlobalSection(SolutionConfigurationPlatforms) = preSolution
		Debug|Any CPU = Debug|Any CPU
		Release|Any CPU = Release|Any CPU
	EndGlobalSection
	GlobalSection(ProjectConfigurationPlatforms) = postSolution
		{C824D887-844E-4406-8CDC-A1DE0462B91A}.Debug|Any CPU.ActiveCfg = Debug|Any CPU
		{C824D887-844E-4406-8CDC-A1DE0462B91A}.Debug|Any CPU.Build.0 = Debug|Any CPU
		{C824D887-844E-4406-8CDC-A1DE0462B91A}.Release|Any CPU.ActiveCfg = Release|Any CPU
		{C824D887-844E-4406-8CDC-A1DE0462B91A}.Release|Any CPU.Build.0 = Release|Any CPU
		{322E6DF6-4431-4B1B-9E9C-A631342A2DEB}.Debug|Any CPU.ActiveCfg = Debug|Any CPU
		{322E6DF6-4431-4B1B-9E9C-A631342A2DEB}.Debug|Any CPU.Build.0 = Debug|Any CPU
		{322E6DF6-4431-4B1B-9E9C-A631342A2DEB}.Release|Any CPU.ActiveCfg = Release|Any CPU
		{322E6DF6-4431-4B1B-9E9C-A631342A2DEB}.Release|Any CPU.Build.0 = Release|Any CPU
	EndGlobalSection
	GlobalSection(SolutionProperties) = preSolution
		HideSolutionNode = FALSE
	EndGlobalSection
EndGlobal
